{
  "name": "Prestamo-de-escenarios-deportivos",
  "lockfileVersion": 2,
  "requires": true,
  "packages": {
    "": {
      "dependencies": {
        "mysql": "^2.18.1",
        "mysql.js": "^1.0.2",
        "mysqljs": "^0.0.2-security"
      }
    },
    "node_modules/bignumber.js": {
      "version": "9.0.0",
      "license": "MIT",
      "engines": {
        "node": "*"
      }
    },
    "node_modules/core-util-is": {
      "version": "1.0.3",
      "license": "MIT"
    },
    "node_modules/inherits": {
      "version": "2.0.4",
      "license": "ISC"
    },
    "node_modules/isarray": {
      "version": "1.0.0",
      "license": "MIT"
    },
    "node_modules/mysql": {
      "version": "2.18.1",
      "resolved": "https://registry.npmjs.org/mysql/-/mysql-2.18.1.tgz",
      "integrity": "sha512-Bca+gk2YWmqp2Uf6k5NFEurwY/0td0cpebAucFpY/3jhrwrVGuxU2uQFCHjU19SJfje0yQvi+rVWdq78hR5lig==",
      "dependencies": {
        "bignumber.js": "9.0.0",
        "readable-stream": "2.3.7",
        "safe-buffer": "5.1.2",
        "sqlstring": "2.3.1"
      },
      "engines": {
        "node": ">= 0.6"
      }
    },
    "node_modules/mysql.js": {
      "version": "1.0.2",
      "resolved": "https://registry.npmjs.org/mysql.js/-/mysql.js-1.0.2.tgz",
      "integrity": "sha512-iXkB8lM7zBSOOku9vxeYYv4cwq8xcPBSW28uWQTTUQECzqbMRvDd+m7P/EWiF28FyjcwtTyGSOLbJkBJTVmOeQ==",
      "dependencies": {
        "mysql": "^2.13.0",
        "sqlstring": "^2.2.0"
      }
    },
    "node_modules/mysqljs": {
      "version": "0.0.2-security",
      "resolved": "https://registry.npmjs.org/mysqljs/-/mysqljs-0.0.2-security.tgz",
      "integrity": "sha512-VNlG53AWQflxLBOqyGEDia9yq5jtj8SX48WW6wu9AXhQArSdJ5pUHiWg6Q1FXtI0dHgz7Miempt+n2Wt4XYFbA=="
    },
    "node_modules/process-nextick-args": {
      "version": "2.0.1",
      "license": "MIT"
    },
    "node_modules/readable-stream": {
      "version": "2.3.7",
      "license": "MIT",
      "dependencies": {
        "core-util-is": "~1.0.0",
        "inherits": "~2.0.3",
        "isarray": "~1.0.0",
        "process-nextick-args": "~2.0.0",
        "safe-buffer": "~5.1.1",
        "string_decoder": "~1.1.1",
        "util-deprecate": "~1.0.1"
      }
    },
    "node_modules/safe-buffer": {
      "version": "5.1.2",
      "license": "MIT"
    },
    "node_modules/sqlstring": {
      "version": "2.3.1",
      "license": "MIT",
      "engines": {
        "node": ">= 0.6"
      }
    },
    "node_modules/string_decoder": {
      "version": "1.1.1",
      "license": "MIT",
      "dependencies": {
        "safe-buffer": "~5.1.0"
      }
    },
    "node_modules/util-deprecate": {
      "version": "1.0.2",
      "license": "MIT"
    }
  },
  "dependencies": {
    "bignumber.js": {
      "version": "9.0.0"
    },
    "core-util-is": {
      "version": "1.0.3"
    },
    "inherits": {
      "version": "2.0.4"
    },
    "isarray": {
      "version": "1.0.0"
    },
    "mysql": {
      "version": "2.18.1",
      "resolved": "https://registry.npmjs.org/mysql/-/mysql-2.18.1.tgz",
      "integrity": "sha512-Bca+gk2YWmqp2Uf6k5NFEurwY/0td0cpebAucFpY/3jhrwrVGuxU2uQFCHjU19SJfje0yQvi+rVWdq78hR5lig==",
      "requires": {
        "bignumber.js": "9.0.0",
        "readable-stream": "2.3.7",
        "safe-buffer": "5.1.2",
        "sqlstring": "2.3.1"
      }
    },
    "mysql.js": {
      "version": "1.0.2",
      "resolved": "https://registry.npmjs.org/mysql.js/-/mysql.js-1.0.2.tgz",
      "integrity": "sha512-iXkB8lM7zBSOOku9vxeYYv4cwq8xcPBSW28uWQTTUQECzqbMRvDd+m7P/EWiF28FyjcwtTyGSOLbJkBJTVmOeQ==",
      "requires": {
        "mysql": "^2.13.0",
        "sqlstring": "^2.2.0"
      }
    },
    "mysqljs": {
      "version": "0.0.2-security",
      "resolved": "https://registry.npmjs.org/mysqljs/-/mysqljs-0.0.2-security.tgz",
      "integrity": "sha512-VNlG53AWQflxLBOqyGEDia9yq5jtj8SX48WW6wu9AXhQArSdJ5pUHiWg6Q1FXtI0dHgz7Miempt+n2Wt4XYFbA=="
    },
    "process-nextick-args": {
      "version": "2.0.1"
    },
    "readable-stream": {
      "version": "2.3.7",
      "requires": {
        "core-util-is": "~1.0.0",
        "inherits": "~2.0.3",
        "isarray": "~1.0.0",
        "process-nextick-args": "~2.0.0",
        "safe-buffer": "~5.1.1",
        "string_decoder": "~1.1.1",
        "util-deprecate": "~1.0.1"
      }
    },
    "safe-buffer": {
      "version": "5.1.2"
    },
    "sqlstring": {
      "version": "2.3.1"
    },
    "string_decoder": {
      "version": "1.1.1",
      "requires": {
        "safe-buffer": "~5.1.0"
      }
    },
    "util-deprecate": {
      "version": "1.0.2"
    }
  }
}
